
Microsoft Visual Studio Solution File, Format Version 12.00
# Visual Studio 15
VisualStudioVersion = 15.0.26430.12
MinimumVisualStudioVersion = 10.0.40219.1
Project("{FAE04EC0-301F-11D3-BF4B-00C04F79EFBC}") = "LinkedList", "LinkedList\LinkedList.csproj", "{EEBD95F8-0D65-4F39-BE84-A58A66565E2A}"
EndProject
Project("{FAE04EC0-301F-11D3-BF4B-00C04F79EFBC}") = "LinkedListTests", "LinkedListTests\LinkedListTests.csproj", "{5E9C823A-8CC9-499B-A153-60F4C21F0833}"
EndProject
Global
	GlobalSection(SolutionConfigurationPlatforms) = preSolution
		Debug|Any CPU = Debug|Any CPU
		Release|Any CPU = Release|Any CPU
	EndGlobalSection
	GlobalSection(ProjectConfigurationPlatforms) = postSolution
		{EEBD95F8-0D65-4F39-BE84-A58A66565E2A}.Debug|Any CPU.ActiveCfg = Debug|Any CPU
		{EEBD95F8-0D65-4F39-BE84-A58A66565E2A}.Debug|Any CPU.Build.0 = Debug|Any CPU
		{EEBD95F8-0D65-4F39-BE84-A58A66565E2A}.Release|Any CPU.ActiveCfg = Release|Any CPU
		{EEBD95F8-0D65-4F39-BE84-A58A66565E2A}.Release|Any CPU.Build.0 = Release|Any CPU
		{5E9C823A-8CC9-499B-A153-60F4C21F0833}.Debug|Any CPU.ActiveCfg = Debug|Any CPU
		{5E9C823A-8CC9-499B-A153-60F4C21F0833}.Debug|Any CPU.Build.0 = Debug|Any CPU
		{5E9C823A-8CC9-499B-A153-60F4C21F0833}.Release|Any CPU.ActiveCfg = Release|Any CPU
		{5E9C823A-8CC9-499B-A153-60F4C21F0833}.Release|Any CPU.Build.0 = Release|Any CPU
	EndGlobalSection
	GlobalSection(SolutionProperties) = preSolution
		HideSolutionNode = FALSE
	EndGlobalSection
EndGlobal
